
Microsoft Visual Studio Solution File, Format Version 12.00
# Visual Studio Version 17
VisualStudioVersion = 17.9.34723.18
MinimumVisualStudioVersion = 10.0.40219.1
Project("{FAE04EC0-301F-11D3-BF4B-00C04F79EFBC}") = "Lab1", "Lab1\Lab1.csproj", "{73672746-7531-46DA-BE95-C57378B92334}"
EndProject
Project("{FAE04EC0-301F-11D3-BF4B-00C04F79EFBC}") = "Lab2", "Lab2\Lab2.csproj", "{177381D6-A187-492D-B254-F9C940D84D4C}"
EndProject
Global
	GlobalSection(SolutionConfigurationPlatforms) = preSolution
		Debug|Any CPU = Debug|Any CPU
		Release|Any CPU = Release|Any CPU
	EndGlobalSection
	GlobalSection(ProjectConfigurationPlatforms) = postSolution
		{73672746-7531-46DA-BE95-C57378B92334}.Debug|Any CPU.ActiveCfg = Debug|Any CPU
		{73672746-7531-46DA-BE95-C57378B92334}.Debug|Any CPU.Build.0 = Debug|Any CPU
		{73672746-7531-46DA-BE95-C57378B92334}.Release|Any CPU.ActiveCfg = Release|Any CPU
		{73672746-7531-46DA-BE95-C57378B92334}.Release|Any CPU.Build.0 = Release|Any CPU
		{177381D6-A187-492D-B254-F9C940D84D4C}.Debug|Any CPU.ActiveCfg = Debug|Any CPU
		{177381D6-A187-492D-B254-F9C940D84D4C}.Debug|Any CPU.Build.0 = Debug|Any CPU
		{177381D6-A187-492D-B254-F9C940D84D4C}.Release|Any CPU.ActiveCfg = Release|Any CPU
		{177381D6-A187-492D-B254-F9C940D84D4C}.Release|Any CPU.Build.0 = Release|Any CPU
	EndGlobalSection
	GlobalSection(SolutionProperties) = preSolution
		HideSolutionNode = FALSE
	EndGlobalSection
	GlobalSection(ExtensibilityGlobals) = postSolution
		SolutionGuid = {93EF8F41-0B32-4082-A474-C88D650F9F7B}
	EndGlobalSection
EndGlobal
